
Microsoft Visual Studio Solution File, Format Version 12.00
Project("{FAE04EC0-301F-11D3-BF4B-00C04F79EFBC}") = "NetStore", "NetStore\NetStore.csproj", "{7F52A79A-0811-4FED-A0C2-7B4B81F6CE51}"
EndProject
Global
	GlobalSection(SolutionConfigurationPlatforms) = preSolution
		Debug|Any CPU = Debug|Any CPU
		Release|Any CPU = Release|Any CPU
	EndGlobalSection
	GlobalSection(ProjectConfigurationPlatforms) = postSolution
		{7F52A79A-0811-4FED-A0C2-7B4B81F6CE51}.Debug|Any CPU.ActiveCfg = Debug|Any CPU
		{7F52A79A-0811-4FED-A0C2-7B4B81F6CE51}.Debug|Any CPU.Build.0 = Debug|Any CPU
		{7F52A79A-0811-4FED-A0C2-7B4B81F6CE51}.Release|Any CPU.ActiveCfg = Release|Any CPU
		{7F52A79A-0811-4FED-A0C2-7B4B81F6CE51}.Release|Any CPU.Build.0 = Release|Any CPU
	EndGlobalSection
EndGlobal
